
Microsoft Visual Studio Solution File, Format Version 12.00
# Visual Studio Version 16
VisualStudioVersion = 16.0.31410.357
MinimumVisualStudioVersion = 10.0.40219.1
Project("{FAE04EC0-301F-11D3-BF4B-00C04F79EFBC}") = "dllsharp", "dllsharp\dllsharp.csproj", "{0E8EE5F7-1729-4E1C-ACCE-119929F5B010}"
EndProject
Project("{FAE04EC0-301F-11D3-BF4B-00C04F79EFBC}") = "dllclientsharp", "dllclientsharp\dllclientsharp.csproj", "{EE84F5FF-44BE-4A00-BCCA-0C473F93CA87}"
EndProject
Global
	GlobalSection(SolutionConfigurationPlatforms) = preSolution
		Debug|Any CPU = Debug|Any CPU
		Release|Any CPU = Release|Any CPU
	EndGlobalSection
	GlobalSection(ProjectConfigurationPlatforms) = postSolution
		{0E8EE5F7-1729-4E1C-ACCE-119929F5B010}.Debug|Any CPU.ActiveCfg = Debug|Any CPU
		{0E8EE5F7-1729-4E1C-ACCE-119929F5B010}.Debug|Any CPU.Build.0 = Debug|Any CPU
		{0E8EE5F7-1729-4E1C-ACCE-119929F5B010}.Release|Any CPU.ActiveCfg = Release|Any CPU
		{0E8EE5F7-1729-4E1C-ACCE-119929F5B010}.Release|Any CPU.Build.0 = Release|Any CPU
		{EE84F5FF-44BE-4A00-BCCA-0C473F93CA87}.Debug|Any CPU.ActiveCfg = Debug|Any CPU
		{EE84F5FF-44BE-4A00-BCCA-0C473F93CA87}.Debug|Any CPU.Build.0 = Debug|Any CPU
		{EE84F5FF-44BE-4A00-BCCA-0C473F93CA87}.Release|Any CPU.ActiveCfg = Release|Any CPU
		{EE84F5FF-44BE-4A00-BCCA-0C473F93CA87}.Release|Any CPU.Build.0 = Release|Any CPU
	EndGlobalSection
	GlobalSection(SolutionProperties) = preSolution
		HideSolutionNode = FALSE
	EndGlobalSection
	GlobalSection(ExtensibilityGlobals) = postSolution
		SolutionGuid = {6CBD92B4-6FC6-405D-AE4B-F632F878A4F7}
	EndGlobalSection
EndGlobal
